
Microsoft Visual Studio Solution File, Format Version 11.00
# Visual Studio 2010
Project("{FAE04EC0-301F-11D3-BF4B-00C04F79EFBC}") = "Artificial Chemotaxis", "Assembly-CSharp.csproj", "{2916A440-C0BE-4B47-CECD-716C80FA6300}"
EndProject
Global
	GlobalSection(SolutionConfigurationPlatforms) = preSolution
		Debug|Any CPU = Debug|Any CPU
		Release|Any CPU = Release|Any CPU
	EndGlobalSection
	GlobalSection(ProjectConfigurationPlatforms) = postSolution
		{2916A440-C0BE-4B47-CECD-716C80FA6300}.Debug|Any CPU.ActiveCfg = Debug|Any CPU
		{2916A440-C0BE-4B47-CECD-716C80FA6300}.Debug|Any CPU.Build.0 = Debug|Any CPU
		{2916A440-C0BE-4B47-CECD-716C80FA6300}.Release|Any CPU.ActiveCfg = Release|Any CPU
		{2916A440-C0BE-4B47-CECD-716C80FA6300}.Release|Any CPU.Build.0 = Release|Any CPU
	EndGlobalSection
	GlobalSection(SolutionProperties) = preSolution
		HideSolutionNode = FALSE
	EndGlobalSection
	GlobalSection(MonoDevelopProperties) = preSolution
		StartupItem = Assembly-CSharp.csproj
	EndGlobalSection
EndGlobal
